
Microsoft Visual Studio Solution File, Format Version 12.00
# Visual Studio Version 17
VisualStudioVersion = 17.1.32421.90
MinimumVisualStudioVersion = 10.0.40219.1
Project("{FAE04EC0-301F-11D3-BF4B-00C04F79EFBC}") = "uEngine", "uEngine\uEngine.csproj", "{A532B342-D630-4F0A-8820-87099DB1B335}"
EndProject
Project("{FAE04EC0-301F-11D3-BF4B-00C04F79EFBC}") = "Pong", "Pong\Pong.csproj", "{2B05C930-A1B4-42BC-99E5-49B1165A1DDF}"
EndProject
Project("{FAE04EC0-301F-11D3-BF4B-00C04F79EFBC}") = "Breakout", "Breakout\Breakout.csproj", "{BFD0B5B3-0A71-475E-98BA-1F32FFCD1E34}"
EndProject
Project("{FAE04EC0-301F-11D3-BF4B-00C04F79EFBC}") = "Connect4", "Connect4\Connect4.csproj", "{4961C0A7-1F68-4435-B939-32E0C1809416}"
EndProject
Global
	GlobalSection(SolutionConfigurationPlatforms) = preSolution
		Debug|Any CPU = Debug|Any CPU
		Release|Any CPU = Release|Any CPU
	EndGlobalSection
	GlobalSection(ProjectConfigurationPlatforms) = postSolution
		{A532B342-D630-4F0A-8820-87099DB1B335}.Debug|Any CPU.ActiveCfg = Debug|Any CPU
		{A532B342-D630-4F0A-8820-87099DB1B335}.Debug|Any CPU.Build.0 = Debug|Any CPU
		{A532B342-D630-4F0A-8820-87099DB1B335}.Release|Any CPU.ActiveCfg = Release|Any CPU
		{A532B342-D630-4F0A-8820-87099DB1B335}.Release|Any CPU.Build.0 = Release|Any CPU
		{2B05C930-A1B4-42BC-99E5-49B1165A1DDF}.Debug|Any CPU.ActiveCfg = Debug|Any CPU
		{2B05C930-A1B4-42BC-99E5-49B1165A1DDF}.Debug|Any CPU.Build.0 = Debug|Any CPU
		{2B05C930-A1B4-42BC-99E5-49B1165A1DDF}.Release|Any CPU.ActiveCfg = Release|Any CPU
		{2B05C930-A1B4-42BC-99E5-49B1165A1DDF}.Release|Any CPU.Build.0 = Release|Any CPU
		{BFD0B5B3-0A71-475E-98BA-1F32FFCD1E34}.Debug|Any CPU.ActiveCfg = Debug|Any CPU
		{BFD0B5B3-0A71-475E-98BA-1F32FFCD1E34}.Debug|Any CPU.Build.0 = Debug|Any CPU
		{BFD0B5B3-0A71-475E-98BA-1F32FFCD1E34}.Release|Any CPU.ActiveCfg = Release|Any CPU
		{BFD0B5B3-0A71-475E-98BA-1F32FFCD1E34}.Release|Any CPU.Build.0 = Release|Any CPU
		{4961C0A7-1F68-4435-B939-32E0C1809416}.Debug|Any CPU.ActiveCfg = Debug|Any CPU
		{4961C0A7-1F68-4435-B939-32E0C1809416}.Debug|Any CPU.Build.0 = Debug|Any CPU
		{4961C0A7-1F68-4435-B939-32E0C1809416}.Release|Any CPU.ActiveCfg = Release|Any CPU
		{4961C0A7-1F68-4435-B939-32E0C1809416}.Release|Any CPU.Build.0 = Release|Any CPU
	EndGlobalSection
	GlobalSection(SolutionProperties) = preSolution
		HideSolutionNode = FALSE
	EndGlobalSection
	GlobalSection(ExtensibilityGlobals) = postSolution
		SolutionGuid = {9F5791FB-0EED-4775-8A99-7C861FC6669A}
	EndGlobalSection
EndGlobal
