
Microsoft Visual Studio Solution File, Format Version 12.00
# Visual Studio Version 17
VisualStudioVersion = 17.1.32421.90
MinimumVisualStudioVersion = 10.0.40219.1
Project("{FAE04EC0-301F-11D3-BF4B-00C04F79EFBC}") = "uEngine", "uEngine\uEngine.csproj", "{93E42501-62DD-4588-B4B8-6598C9DC4E5D}"
EndProject
Global
	GlobalSection(SolutionConfigurationPlatforms) = preSolution
		Debug|Any CPU = Debug|Any CPU
		Release|Any CPU = Release|Any CPU
	EndGlobalSection
	GlobalSection(ProjectConfigurationPlatforms) = postSolution
		{93E42501-62DD-4588-B4B8-6598C9DC4E5D}.Debug|Any CPU.ActiveCfg = Debug|Any CPU
		{93E42501-62DD-4588-B4B8-6598C9DC4E5D}.Debug|Any CPU.Build.0 = Debug|Any CPU
		{93E42501-62DD-4588-B4B8-6598C9DC4E5D}.Release|Any CPU.ActiveCfg = Release|Any CPU
		{93E42501-62DD-4588-B4B8-6598C9DC4E5D}.Release|Any CPU.Build.0 = Release|Any CPU
	EndGlobalSection
	GlobalSection(SolutionProperties) = preSolution
		HideSolutionNode = FALSE
	EndGlobalSection
	GlobalSection(ExtensibilityGlobals) = postSolution
		SolutionGuid = {9EB84F34-5B6A-4A88-98A7-4BDCA3EFF446}
	EndGlobalSection
EndGlobal
